
Microsoft Visual Studio Solution File, Format Version 12.00
# Visual Studio 15
VisualStudioVersion = 15.0.28307.1758
MinimumVisualStudioVersion = 10.0.40219.1
Project("{FAE04EC0-301F-11D3-BF4B-00C04F79EFBC}") = "PrivacyExpire", "PrivacyExpire.csproj", "{8191CC83-0540-4CF6-B6D4-D4E1D017E1E2}"
EndProject
Global
	GlobalSection(SolutionConfigurationPlatforms) = preSolution
		Debug|Any CPU = Debug|Any CPU
		Release|Any CPU = Release|Any CPU
	EndGlobalSection
	GlobalSection(ProjectConfigurationPlatforms) = postSolution
		{8191CC83-0540-4CF6-B6D4-D4E1D017E1E2}.Debug|Any CPU.ActiveCfg = Debug|Any CPU
		{8191CC83-0540-4CF6-B6D4-D4E1D017E1E2}.Debug|Any CPU.Build.0 = Debug|Any CPU
		{8191CC83-0540-4CF6-B6D4-D4E1D017E1E2}.Release|Any CPU.ActiveCfg = Release|Any CPU
		{8191CC83-0540-4CF6-B6D4-D4E1D017E1E2}.Release|Any CPU.Build.0 = Release|Any CPU
	EndGlobalSection
	GlobalSection(SolutionProperties) = preSolution
		HideSolutionNode = FALSE
	EndGlobalSection
	GlobalSection(ExtensibilityGlobals) = postSolution
		SolutionGuid = {F55E0B00-4927-4983-BE0E-784F7A18DD5B}
	EndGlobalSection
EndGlobal
